# THIS IS AN AUTOGENERATED FILE. DO NOT EDIT THIS FILE DIRECTLY.
# yarn lockfile v1


graphql@^16.0.1:
  version "16.0.1"
  resolved "https://registry.yarnpkg.com/graphql/-/graphql-16.0.1.tgz#93a13cd4e0e38ca8d0832e79614c8578bfd34f10"
  integrity sha512-oPvCuu6dlLdiz8gZupJ47o1clgb72r1u8NDBcQYjcV6G/iEdmE11B1bBlkhXRvV0LisP/SXRFP7tT6AgaTjpzg==
